// !$*UTF8*$!
{
	archiveVersion = 1;
	classes = {
	};
	objectVersion = 56;
	objects = {

/* Begin PBXBuildFile section */
		7E097FE42AC2C2D1002CC40A /* AppDelegate.swift in Sources */ = {isa = PBXBuildFile; fileRef = 7E097FE32AC2C2D1002CC40A /* AppDelegate.swift */; };
		7E097FE62AC2C2D1002CC40A /* SceneDelegate.swift in Sources */ = {isa = PBXBuildFile; fileRef = 7E097FE52AC2C2D1002CC40A /* SceneDelegate.swift */; };
		7E097FE82AC2C2D1002CC40A /* HotelViewController.swift in Sources */ = {isa = PBXBuildFile; fileRef = 7E097FE72AC2C2D1002CC40A /* HotelViewController.swift */; };
		7E097FED2AC2C2D4002CC40A /* Assets.xcassets in Resources */ = {isa = PBXBuildFile; fileRef = 7E097FEC2AC2C2D4002CC40A /* Assets.xcassets */; };
		7E097FF02AC2C2D4002CC40A /* LaunchScreen.storyboard in Resources */ = {isa = PBXBuildFile; fileRef = 7E097FEE2AC2C2D4002CC40A /* LaunchScreen.storyboard */; };
		7E097FFB2AC2C7F7002CC40A /* UIColors + Extension.swift in Sources */ = {isa = PBXBuildFile; fileRef = 7E097FFA2AC2C7F7002CC40A /* UIColors + Extension.swift */; };
		7E097FFE2AC2C838002CC40A /* Resources.swift in Sources */ = {isa = PBXBuildFile; fileRef = 7E097FFD2AC2C838002CC40A /* Resources.swift */; };
		7E0980022AC2CA7C002CC40A /* Localizable.strings in Resources */ = {isa = PBXBuildFile; fileRef = 7E0980042AC2CA7C002CC40A /* Localizable.strings */; };
		7E0980072AC2CB4F002CC40A /* Strings+Generated.swift in Sources */ = {isa = PBXBuildFile; fileRef = 7E0980062AC2CB4F002CC40A /* Strings+Generated.swift */; };
		7E09800B2AC2CDD5002CC40A /* UIFonts + Extension.swift in Sources */ = {isa = PBXBuildFile; fileRef = 7E09800A2AC2CDD5002CC40A /* UIFonts + Extension.swift */; };
		7E09800D2AC2D1B5002CC40A /* CustomNavigationBar.swift in Sources */ = {isa = PBXBuildFile; fileRef = 7E09800C2AC2D1B5002CC40A /* CustomNavigationBar.swift */; };
		7E0980102AC2D442002CC40A /* UIView + Extension.swift in Sources */ = {isa = PBXBuildFile; fileRef = 7E09800F2AC2D442002CC40A /* UIView + Extension.swift */; };
		7E0980142AC2D8D4002CC40A /* CustomPresenterScrollView.swift in Sources */ = {isa = PBXBuildFile; fileRef = 7E0980132AC2D8D4002CC40A /* CustomPresenterScrollView.swift */; };
		7E0980162AC2DA49002CC40A /* UIConstants.swift in Sources */ = {isa = PBXBuildFile; fileRef = 7E0980152AC2DA49002CC40A /* UIConstants.swift */; };
		7E0980192AC2DDD2002CC40A /* Kingfisher in Frameworks */ = {isa = PBXBuildFile; productRef = 7E0980182AC2DDD2002CC40A /* Kingfisher */; };
/* End PBXBuildFile section */

/* Begin PBXFileReference section */
		7E097FE02AC2C2D1002CC40A /* BookIn.app */ = {isa = PBXFileReference; explicitFileType = wrapper.application; includeInIndex = 0; path = BookIn.app; sourceTree = BUILT_PRODUCTS_DIR; };
		7E097FE32AC2C2D1002CC40A /* AppDelegate.swift */ = {isa = PBXFileReference; lastKnownFileType = sourcecode.swift; path = AppDelegate.swift; sourceTree = "<group>"; };
		7E097FE52AC2C2D1002CC40A /* SceneDelegate.swift */ = {isa = PBXFileReference; lastKnownFileType = sourcecode.swift; path = SceneDelegate.swift; sourceTree = "<group>"; };
		7E097FE72AC2C2D1002CC40A /* HotelViewController.swift */ = {isa = PBXFileReference; lastKnownFileType = sourcecode.swift; path = HotelViewController.swift; sourceTree = "<group>"; };
		7E097FEC2AC2C2D4002CC40A /* Assets.xcassets */ = {isa = PBXFileReference; lastKnownFileType = folder.assetcatalog; path = Assets.xcassets; sourceTree = "<group>"; };
		7E097FEF2AC2C2D4002CC40A /* Base */ = {isa = PBXFileReference; lastKnownFileType = file.storyboard; name = Base; path = Base.lproj/LaunchScreen.storyboard; sourceTree = "<group>"; };
		7E097FF12AC2C2D4002CC40A /* Info.plist */ = {isa = PBXFileReference; lastKnownFileType = text.plist.xml; path = Info.plist; sourceTree = "<group>"; };
		7E097FFA2AC2C7F7002CC40A /* UIColors + Extension.swift */ = {isa = PBXFileReference; lastKnownFileType = sourcecode.swift; path = "UIColors + Extension.swift"; sourceTree = "<group>"; };
		7E097FFD2AC2C838002CC40A /* Resources.swift */ = {isa = PBXFileReference; lastKnownFileType = sourcecode.swift; path = Resources.swift; sourceTree = "<group>"; };
		7E0980032AC2CA7C002CC40A /* en */ = {isa = PBXFileReference; lastKnownFileType = text.plist.strings; name = en; path = en.lproj/Localizable.strings; sourceTree = "<group>"; };
		7E0980062AC2CB4F002CC40A /* Strings+Generated.swift */ = {isa = PBXFileReference; fileEncoding = 4; lastKnownFileType = sourcecode.swift; path = "Strings+Generated.swift"; sourceTree = "<group>"; };
		7E09800A2AC2CDD5002CC40A /* UIFonts + Extension.swift */ = {isa = PBXFileReference; lastKnownFileType = sourcecode.swift; path = "UIFonts + Extension.swift"; sourceTree = "<group>"; };
		7E09800C2AC2D1B5002CC40A /* CustomNavigationBar.swift */ = {isa = PBXFileReference; lastKnownFileType = sourcecode.swift; path = CustomNavigationBar.swift; sourceTree = "<group>"; };
		7E09800F2AC2D442002CC40A /* UIView + Extension.swift */ = {isa = PBXFileReference; lastKnownFileType = sourcecode.swift; path = "UIView + Extension.swift"; sourceTree = "<group>"; };
		7E0980132AC2D8D4002CC40A /* CustomPresenterScrollView.swift */ = {isa = PBXFileReference; lastKnownFileType = sourcecode.swift; path = CustomPresenterScrollView.swift; sourceTree = "<group>"; };
		7E0980152AC2DA49002CC40A /* UIConstants.swift */ = {isa = PBXFileReference; lastKnownFileType = sourcecode.swift; path = UIConstants.swift; sourceTree = "<group>"; };
/* End PBXFileReference section */

/* Begin PBXFrameworksBuildPhase section */
		7E097FDD2AC2C2D1002CC40A /* Frameworks */ = {
			isa = PBXFrameworksBuildPhase;
			buildActionMask = 2147483647;
			files = (
				7E0980192AC2DDD2002CC40A /* Kingfisher in Frameworks */,
			);
			runOnlyForDeploymentPostprocessing = 0;
		};
/* End PBXFrameworksBuildPhase section */

/* Begin PBXGroup section */
		7E097FD72AC2C2D1002CC40A = {
			isa = PBXGroup;
			children = (
				7E097FE22AC2C2D1002CC40A /* BookIn */,
				7E09800E2AC2D1B8002CC40A /* Components */,
				7E097FE12AC2C2D1002CC40A /* Products */,
			);
			sourceTree = "<group>";
		};
		7E097FE12AC2C2D1002CC40A /* Products */ = {
			isa = PBXGroup;
			children = (
				7E097FE02AC2C2D1002CC40A /* BookIn.app */,
			);
			name = Products;
			sourceTree = "<group>";
		};
		7E097FE22AC2C2D1002CC40A /* BookIn */ = {
			isa = PBXGroup;
			children = (
				7E097FF82AC2C3D9002CC40A /* Application */,
				7E097FF92AC2C3E6002CC40A /* Scenes */,
				7E097FF72AC2C3CE002CC40A /* SupportingFiles */,
			);
			path = BookIn;
			sourceTree = "<group>";
		};
		7E097FF72AC2C3CE002CC40A /* SupportingFiles */ = {
			isa = PBXGroup;
			children = (
				7E097FFC2AC2C828002CC40A /* Extensions */,
				7E097FFF2AC2C8DD002CC40A /* Resources */,
				7E0980052AC2CA9E002CC40A /* Localizable */,
				7E097FEC2AC2C2D4002CC40A /* Assets.xcassets */,
				7E097FEE2AC2C2D4002CC40A /* LaunchScreen.storyboard */,
				7E097FF12AC2C2D4002CC40A /* Info.plist */,
			);
			path = SupportingFiles;
			sourceTree = "<group>";
		};
		7E097FF82AC2C3D9002CC40A /* Application */ = {
			isa = PBXGroup;
			children = (
				7E097FE32AC2C2D1002CC40A /* AppDelegate.swift */,
				7E097FE52AC2C2D1002CC40A /* SceneDelegate.swift */,
			);
			path = Application;
			sourceTree = "<group>";
		};
		7E097FF92AC2C3E6002CC40A /* Scenes */ = {
			isa = PBXGroup;
			children = (
				7E0980122AC2D5C2002CC40A /* HotelScreen */,
			);
			path = Scenes;
			sourceTree = "<group>";
		};
		7E097FFC2AC2C828002CC40A /* Extensions */ = {
			isa = PBXGroup;
			children = (
				7E097FFA2AC2C7F7002CC40A /* UIColors + Extension.swift */,
				7E09800A2AC2CDD5002CC40A /* UIFonts + Extension.swift */,
				7E09800F2AC2D442002CC40A /* UIView + Extension.swift */,
			);
			path = Extensions;
			sourceTree = "<group>";
		};
		7E097FFF2AC2C8DD002CC40A /* Resources */ = {
			isa = PBXGroup;
			children = (
				7E097FFD2AC2C838002CC40A /* Resources.swift */,
				7E0980152AC2DA49002CC40A /* UIConstants.swift */,
			);
			path = Resources;
			sourceTree = "<group>";
		};
		7E0980052AC2CA9E002CC40A /* Localizable */ = {
			isa = PBXGroup;
			children = (
				7E0980062AC2CB4F002CC40A /* Strings+Generated.swift */,
				7E0980042AC2CA7C002CC40A /* Localizable.strings */,
			);
			path = Localizable;
			sourceTree = "<group>";
		};
		7E09800E2AC2D1B8002CC40A /* Components */ = {
			isa = PBXGroup;
			children = (
				7E09800C2AC2D1B5002CC40A /* CustomNavigationBar.swift */,
				7E0980132AC2D8D4002CC40A /* CustomPresenterScrollView.swift */,
			);
			path = Components;
			sourceTree = "<group>";
		};
		7E0980122AC2D5C2002CC40A /* HotelScreen */ = {
			isa = PBXGroup;
			children = (
				7E097FE72AC2C2D1002CC40A /* HotelViewController.swift */,
			);
			path = HotelScreen;
			sourceTree = "<group>";
		};
/* End PBXGroup section */

/* Begin PBXNativeTarget section */
		7E097FDF2AC2C2D1002CC40A /* BookIn */ = {
			isa = PBXNativeTarget;
			buildConfigurationList = 7E097FF42AC2C2D4002CC40A /* Build configuration list for PBXNativeTarget "BookIn" */;
			buildPhases = (
				7E097FDC2AC2C2D1002CC40A /* Sources */,
				7E0980082AC2CBF4002CC40A /* Swiftlint */,
				7E0980092AC2CC0F002CC40A /* SwiftGen */,
				7E097FDD2AC2C2D1002CC40A /* Frameworks */,
				7E097FDE2AC2C2D1002CC40A /* Resources */,
			);
			buildRules = (
			);
			dependencies = (
			);
			name = BookIn;
			packageProductDependencies = (
				7E0980182AC2DDD2002CC40A /* Kingfisher */,
			);
			productName = BookIn;
			productReference = 7E097FE02AC2C2D1002CC40A /* BookIn.app */;
			productType = "com.apple.product-type.application";
		};
/* End PBXNativeTarget section */

/* Begin PBXProject section */
		7E097FD82AC2C2D1002CC40A /* Project object */ = {
			isa = PBXProject;
			attributes = {
				BuildIndependentTargetsInParallel = 1;
				LastSwiftUpdateCheck = 1430;
				LastUpgradeCheck = 1430;
				TargetAttributes = {
					7E097FDF2AC2C2D1002CC40A = {
						CreatedOnToolsVersion = 14.3.1;
					};
				};
			};
			buildConfigurationList = 7E097FDB2AC2C2D1002CC40A /* Build configuration list for PBXProject "BookIn" */;
			compatibilityVersion = "Xcode 14.0";
			developmentRegion = en;
			hasScannedForEncodings = 0;
			knownRegions = (
				en,
				Base,
			);
			mainGroup = 7E097FD72AC2C2D1002CC40A;
			packageReferences = (
				7E0980172AC2DDD2002CC40A /* XCRemoteSwiftPackageReference "Kingfisher" */,
			);
			productRefGroup = 7E097FE12AC2C2D1002CC40A /* Products */;
			projectDirPath = "";
			projectRoot = "";
			targets = (
				7E097FDF2AC2C2D1002CC40A /* BookIn */,
			);
		};
/* End PBXProject section */

/* Begin PBXResourcesBuildPhase section */
		7E097FDE2AC2C2D1002CC40A /* Resources */ = {
			isa = PBXResourcesBuildPhase;
			buildActionMask = 2147483647;
			files = (
				7E097FF02AC2C2D4002CC40A /* LaunchScreen.storyboard in Resources */,
				7E0980022AC2CA7C002CC40A /* Localizable.strings in Resources */,
				7E097FED2AC2C2D4002CC40A /* Assets.xcassets in Resources */,
			);
			runOnlyForDeploymentPostprocessing = 0;
		};
/* End PBXResourcesBuildPhase section */

/* Begin PBXShellScriptBuildPhase section */
		7E0980082AC2CBF4002CC40A /* Swiftlint */ = {
			isa = PBXShellScriptBuildPhase;
			buildActionMask = 2147483647;
			files = (
			);
			inputFileListPaths = (
			);
			inputPaths = (
			);
			name = Swiftlint;
			outputFileListPaths = (
			);
			outputPaths = (
			);
			runOnlyForDeploymentPostprocessing = 0;
			shellPath = /bin/sh;
			shellScript = "if [[ \"$(uname -m)\" == arm64 ]]; then\n    export PATH=\"/opt/homebrew/bin:$PATH\"\nfi\n\nif which swiftlint > /dev/null; then\n  swiftlint\nelse\n  echo \"warning: SwiftLint not installed, download from https://github.com/realm/SwiftLint\"\nfi\n";
		};
		7E0980092AC2CC0F002CC40A /* SwiftGen */ = {
			isa = PBXShellScriptBuildPhase;
			buildActionMask = 2147483647;
			files = (
			);
			inputFileListPaths = (
			);
			inputPaths = (
			);
			name = SwiftGen;
			outputFileListPaths = (
			);
			outputPaths = (
			);
			runOnlyForDeploymentPostprocessing = 0;
			shellPath = /bin/sh;
			shellScript = "export PATH=\"$PATH:/opt/homebrew/bin\"\n\nif which swiftgen; then\n    swiftgen\nelse\n  echo \"warning: SwiftLint not installed, download from https://github.com/realm/SwiftLint\"\nfi\n";
		};
/* End PBXShellScriptBuildPhase section */

/* Begin PBXSourcesBuildPhase section */
		7E097FDC2AC2C2D1002CC40A /* Sources */ = {
			isa = PBXSourcesBuildPhase;
			buildActionMask = 2147483647;
			files = (
				7E097FE82AC2C2D1002CC40A /* HotelViewController.swift in Sources */,
				7E097FFB2AC2C7F7002CC40A /* UIColors + Extension.swift in Sources */,
				7E0980072AC2CB4F002CC40A /* Strings+Generated.swift in Sources */,
				7E09800B2AC2CDD5002CC40A /* UIFonts + Extension.swift in Sources */,
				7E0980142AC2D8D4002CC40A /* CustomPresenterScrollView.swift in Sources */,
				7E09800D2AC2D1B5002CC40A /* CustomNavigationBar.swift in Sources */,
				7E097FE42AC2C2D1002CC40A /* AppDelegate.swift in Sources */,
				7E097FFE2AC2C838002CC40A /* Resources.swift in Sources */,
				7E0980162AC2DA49002CC40A /* UIConstants.swift in Sources */,
				7E097FE62AC2C2D1002CC40A /* SceneDelegate.swift in Sources */,
				7E0980102AC2D442002CC40A /* UIView + Extension.swift in Sources */,
			);
			runOnlyForDeploymentPostprocessing = 0;
		};
/* End PBXSourcesBuildPhase section */

/* Begin PBXVariantGroup section */
		7E097FEE2AC2C2D4002CC40A /* LaunchScreen.storyboard */ = {
			isa = PBXVariantGroup;
			children = (
				7E097FEF2AC2C2D4002CC40A /* Base */,
			);
			name = LaunchScreen.storyboard;
			sourceTree = "<group>";
		};
		7E0980042AC2CA7C002CC40A /* Localizable.strings */ = {
			isa = PBXVariantGroup;
			children = (
				7E0980032AC2CA7C002CC40A /* en */,
			);
			name = Localizable.strings;
			sourceTree = "<group>";
		};
/* End PBXVariantGroup section */

/* Begin XCBuildConfiguration section */
		7E097FF22AC2C2D4002CC40A /* Debug */ = {
			isa = XCBuildConfiguration;
			buildSettings = {
				ALWAYS_SEARCH_USER_PATHS = NO;
				CLANG_ANALYZER_NONNULL = YES;
				CLANG_ANALYZER_NUMBER_OBJECT_CONVERSION = YES_AGGRESSIVE;
				CLANG_CXX_LANGUAGE_STANDARD = "gnu++20";
				CLANG_ENABLE_MODULES = YES;
				CLANG_ENABLE_OBJC_ARC = YES;
				CLANG_ENABLE_OBJC_WEAK = YES;
				CLANG_WARN_BLOCK_CAPTURE_AUTORELEASING = YES;
				CLANG_WARN_BOOL_CONVERSION = YES;
				CLANG_WARN_COMMA = YES;
				CLANG_WARN_CONSTANT_CONVERSION = YES;
				CLANG_WARN_DEPRECATED_OBJC_IMPLEMENTATIONS = YES;
				CLANG_WARN_DIRECT_OBJC_ISA_USAGE = YES_ERROR;
				CLANG_WARN_DOCUMENTATION_COMMENTS = YES;
				CLANG_WARN_EMPTY_BODY = YES;
				CLANG_WARN_ENUM_CONVERSION = YES;
				CLANG_WARN_INFINITE_RECURSION = YES;
				CLANG_WARN_INT_CONVERSION = YES;
				CLANG_WARN_NON_LITERAL_NULL_CONVERSION = YES;
				CLANG_WARN_OBJC_IMPLICIT_RETAIN_SELF = YES;
				CLANG_WARN_OBJC_LITERAL_CONVERSION = YES;
				CLANG_WARN_OBJC_ROOT_CLASS = YES_ERROR;
				CLANG_WARN_QUOTED_INCLUDE_IN_FRAMEWORK_HEADER = YES;
				CLANG_WARN_RANGE_LOOP_ANALYSIS = YES;
				CLANG_WARN_STRICT_PROTOTYPES = YES;
				CLANG_WARN_SUSPICIOUS_MOVE = YES;
				CLANG_WARN_UNGUARDED_AVAILABILITY = YES_AGGRESSIVE;
				CLANG_WARN_UNREACHABLE_CODE = YES;
				CLANG_WARN__DUPLICATE_METHOD_MATCH = YES;
				COPY_PHASE_STRIP = NO;
				DEBUG_INFORMATION_FORMAT = dwarf;
				ENABLE_STRICT_OBJC_MSGSEND = YES;
				ENABLE_TESTABILITY = YES;
				GCC_C_LANGUAGE_STANDARD = gnu11;
				GCC_DYNAMIC_NO_PIC = NO;
				GCC_NO_COMMON_BLOCKS = YES;
				GCC_OPTIMIZATION_LEVEL = 0;
				GCC_PREPROCESSOR_DEFINITIONS = (
					"DEBUG=1",
					"$(inherited)",
				);
				GCC_WARN_64_TO_32_BIT_CONVERSION = YES;
				GCC_WARN_ABOUT_RETURN_TYPE = YES_ERROR;
				GCC_WARN_UNDECLARED_SELECTOR = YES;
				GCC_WARN_UNINITIALIZED_AUTOS = YES_AGGRESSIVE;
				GCC_WARN_UNUSED_FUNCTION = YES;
				GCC_WARN_UNUSED_VARIABLE = YES;
				IPHONEOS_DEPLOYMENT_TARGET = 16.4;
				MTL_ENABLE_DEBUG_INFO = INCLUDE_SOURCE;
				MTL_FAST_MATH = YES;
				ONLY_ACTIVE_ARCH = YES;
				SDKROOT = iphoneos;
				SWIFT_ACTIVE_COMPILATION_CONDITIONS = DEBUG;
				SWIFT_OPTIMIZATION_LEVEL = "-Onone";
			};
			name = Debug;
		};
		7E097FF32AC2C2D4002CC40A /* Release */ = {
			isa = XCBuildConfiguration;
			buildSettings = {
				ALWAYS_SEARCH_USER_PATHS = NO;
				CLANG_ANALYZER_NONNULL = YES;
				CLANG_ANALYZER_NUMBER_OBJECT_CONVERSION = YES_AGGRESSIVE;
				CLANG_CXX_LANGUAGE_STANDARD = "gnu++20";
				CLANG_ENABLE_MODULES = YES;
				CLANG_ENABLE_OBJC_ARC = YES;
				CLANG_ENABLE_OBJC_WEAK = YES;
				CLANG_WARN_BLOCK_CAPTURE_AUTORELEASING = YES;
				CLANG_WARN_BOOL_CONVERSION = YES;
				CLANG_WARN_COMMA = YES;
				CLANG_WARN_CONSTANT_CONVERSION = YES;
				CLANG_WARN_DEPRECATED_OBJC_IMPLEMENTATIONS = YES;
				CLANG_WARN_DIRECT_OBJC_ISA_USAGE = YES_ERROR;
				CLANG_WARN_DOCUMENTATION_COMMENTS = YES;
				CLANG_WARN_EMPTY_BODY = YES;
				CLANG_WARN_ENUM_CONVERSION = YES;
				CLANG_WARN_INFINITE_RECURSION = YES;
				CLANG_WARN_INT_CONVERSION = YES;
				CLANG_WARN_NON_LITERAL_NULL_CONVERSION = YES;
				CLANG_WARN_OBJC_IMPLICIT_RETAIN_SELF = YES;
				CLANG_WARN_OBJC_LITERAL_CONVERSION = YES;
				CLANG_WARN_OBJC_ROOT_CLASS = YES_ERROR;
				CLANG_WARN_QUOTED_INCLUDE_IN_FRAMEWORK_HEADER = YES;
				CLANG_WARN_RANGE_LOOP_ANALYSIS = YES;
				CLANG_WARN_STRICT_PROTOTYPES = YES;
				CLANG_WARN_SUSPICIOUS_MOVE = YES;
				CLANG_WARN_UNGUARDED_AVAILABILITY = YES_AGGRESSIVE;
				CLANG_WARN_UNREACHABLE_CODE = YES;
				CLANG_WARN__DUPLICATE_METHOD_MATCH = YES;
				COPY_PHASE_STRIP = NO;
				DEBUG_INFORMATION_FORMAT = "dwarf-with-dsym";
				ENABLE_NS_ASSERTIONS = NO;
				ENABLE_STRICT_OBJC_MSGSEND = YES;
				GCC_C_LANGUAGE_STANDARD = gnu11;
				GCC_NO_COMMON_BLOCKS = YES;
				GCC_WARN_64_TO_32_BIT_CONVERSION = YES;
				GCC_WARN_ABOUT_RETURN_TYPE = YES_ERROR;
				GCC_WARN_UNDECLARED_SELECTOR = YES;
				GCC_WARN_UNINITIALIZED_AUTOS = YES_AGGRESSIVE;
				GCC_WARN_UNUSED_FUNCTION = YES;
				GCC_WARN_UNUSED_VARIABLE = YES;
				IPHONEOS_DEPLOYMENT_TARGET = 16.4;
				MTL_ENABLE_DEBUG_INFO = NO;
				MTL_FAST_MATH = YES;
				SDKROOT = iphoneos;
				SWIFT_COMPILATION_MODE = wholemodule;
				SWIFT_OPTIMIZATION_LEVEL = "-O";
				VALIDATE_PRODUCT = YES;
			};
			name = Release;
		};
		7E097FF52AC2C2D4002CC40A /* Debug */ = {
			isa = XCBuildConfiguration;
			buildSettings = {
				ASSETCATALOG_COMPILER_APPICON_NAME = AppIcon;
				ASSETCATALOG_COMPILER_GLOBAL_ACCENT_COLOR_NAME = AccentColor;
				CODE_SIGN_STYLE = Automatic;
				CURRENT_PROJECT_VERSION = 1;
				DEVELOPMENT_TEAM = V7HYWRF575;
				GENERATE_INFOPLIST_FILE = YES;
				INFOPLIST_FILE = BookIn/SupportingFiles/Info.plist;
				INFOPLIST_KEY_UIApplicationSupportsIndirectInputEvents = YES;
				INFOPLIST_KEY_UILaunchStoryboardName = LaunchScreen;
				INFOPLIST_KEY_UISupportedInterfaceOrientations = UIInterfaceOrientationPortrait;
				INFOPLIST_KEY_UISupportedInterfaceOrientations_iPad = "UIInterfaceOrientationLandscapeLeft UIInterfaceOrientationLandscapeRight UIInterfaceOrientationPortrait UIInterfaceOrientationPortraitUpsideDown";
				IPHONEOS_DEPLOYMENT_TARGET = 13.0;
				LD_RUNPATH_SEARCH_PATHS = (
					"$(inherited)",
					"@executable_path/Frameworks",
				);
				MARKETING_VERSION = 1.0;
				PRODUCT_BUNDLE_IDENTIFIER = com.gmail.esplusnin.bookIn.BookIn;
				PRODUCT_NAME = "$(TARGET_NAME)";
				SUPPORTED_PLATFORMS = "iphoneos iphonesimulator";
				SUPPORTS_MACCATALYST = NO;
				SUPPORTS_MAC_DESIGNED_FOR_IPHONE_IPAD = NO;
				SWIFT_EMIT_LOC_STRINGS = YES;
				SWIFT_VERSION = 5.0;
				TARGETED_DEVICE_FAMILY = 1;
			};
			name = Debug;
		};
		7E097FF62AC2C2D4002CC40A /* Release */ = {
			isa = XCBuildConfiguration;
			buildSettings = {
				ASSETCATALOG_COMPILER_APPICON_NAME = AppIcon;
				ASSETCATALOG_COMPILER_GLOBAL_ACCENT_COLOR_NAME = AccentColor;
				CODE_SIGN_STYLE = Automatic;
				CURRENT_PROJECT_VERSION = 1;
				DEVELOPMENT_TEAM = V7HYWRF575;
				GENERATE_INFOPLIST_FILE = YES;
				INFOPLIST_FILE = BookIn/SupportingFiles/Info.plist;
				INFOPLIST_KEY_UIApplicationSupportsIndirectInputEvents = YES;
				INFOPLIST_KEY_UILaunchStoryboardName = LaunchScreen;
				INFOPLIST_KEY_UISupportedInterfaceOrientations = UIInterfaceOrientationPortrait;
				INFOPLIST_KEY_UISupportedInterfaceOrientations_iPad = "UIInterfaceOrientationLandscapeLeft UIInterfaceOrientationLandscapeRight UIInterfaceOrientationPortrait UIInterfaceOrientationPortraitUpsideDown";
				IPHONEOS_DEPLOYMENT_TARGET = 13.0;
				LD_RUNPATH_SEARCH_PATHS = (
					"$(inherited)",
					"@executable_path/Frameworks",
				);
				MARKETING_VERSION = 1.0;
				PRODUCT_BUNDLE_IDENTIFIER = com.gmail.esplusnin.bookIn.BookIn;
				PRODUCT_NAME = "$(TARGET_NAME)";
				SUPPORTED_PLATFORMS = "iphoneos iphonesimulator";
				SUPPORTS_MACCATALYST = NO;
				SUPPORTS_MAC_DESIGNED_FOR_IPHONE_IPAD = NO;
				SWIFT_EMIT_LOC_STRINGS = YES;
				SWIFT_VERSION = 5.0;
				TARGETED_DEVICE_FAMILY = 1;
			};
			name = Release;
		};
/* End XCBuildConfiguration section */

/* Begin XCConfigurationList section */
		7E097FDB2AC2C2D1002CC40A /* Build configuration list for PBXProject "BookIn" */ = {
			isa = XCConfigurationList;
			buildConfigurations = (
				7E097FF22AC2C2D4002CC40A /* Debug */,
				7E097FF32AC2C2D4002CC40A /* Release */,
			);
			defaultConfigurationIsVisible = 0;
			defaultConfigurationName = Release;
		};
		7E097FF42AC2C2D4002CC40A /* Build configuration list for PBXNativeTarget "BookIn" */ = {
			isa = XCConfigurationList;
			buildConfigurations = (
				7E097FF52AC2C2D4002CC40A /* Debug */,
				7E097FF62AC2C2D4002CC40A /* Release */,
			);
			defaultConfigurationIsVisible = 0;
			defaultConfigurationName = Release;
		};
/* End XCConfigurationList section */

/* Begin XCRemoteSwiftPackageReference section */
		7E0980172AC2DDD2002CC40A /* XCRemoteSwiftPackageReference "Kingfisher" */ = {
			isa = XCRemoteSwiftPackageReference;
			repositoryURL = "https://github.com/onevcat/Kingfisher.git";
			requirement = {
				kind = upToNextMajorVersion;
				minimumVersion = 7.0.0;
			};
		};
/* End XCRemoteSwiftPackageReference section */

/* Begin XCSwiftPackageProductDependency section */
		7E0980182AC2DDD2002CC40A /* Kingfisher */ = {
			isa = XCSwiftPackageProductDependency;
			package = 7E0980172AC2DDD2002CC40A /* XCRemoteSwiftPackageReference "Kingfisher" */;
			productName = Kingfisher;
		};
/* End XCSwiftPackageProductDependency section */
	};
	rootObject = 7E097FD82AC2C2D1002CC40A /* Project object */;
}
