// !$*UTF8*$!
{
	archiveVersion = 1;
	classes = {
	};
	objectVersion = 56;
	objects = {

/* Begin PBXBuildFile section */
		7E097FE42AC2C2D1002CC40A /* AppDelegate.swift in Sources */ = {isa = PBXBuildFile; fileRef = 7E097FE32AC2C2D1002CC40A /* AppDelegate.swift */; };
		7E097FE62AC2C2D1002CC40A /* SceneDelegate.swift in Sources */ = {isa = PBXBuildFile; fileRef = 7E097FE52AC2C2D1002CC40A /* SceneDelegate.swift */; };
		7E097FE82AC2C2D1002CC40A /* HotelViewController.swift in Sources */ = {isa = PBXBuildFile; fileRef = 7E097FE72AC2C2D1002CC40A /* HotelViewController.swift */; };
		7E097FED2AC2C2D4002CC40A /* Assets.xcassets in Resources */ = {isa = PBXBuildFile; fileRef = 7E097FEC2AC2C2D4002CC40A /* Assets.xcassets */; };
		7E097FF02AC2C2D4002CC40A /* LaunchScreen.storyboard in Resources */ = {isa = PBXBuildFile; fileRef = 7E097FEE2AC2C2D4002CC40A /* LaunchScreen.storyboard */; };
		7E097FFB2AC2C7F7002CC40A /* UIColors + Extension.swift in Sources */ = {isa = PBXBuildFile; fileRef = 7E097FFA2AC2C7F7002CC40A /* UIColors + Extension.swift */; };
		7E097FFE2AC2C838002CC40A /* Resources.swift in Sources */ = {isa = PBXBuildFile; fileRef = 7E097FFD2AC2C838002CC40A /* Resources.swift */; };
		7E0980022AC2CA7C002CC40A /* Localizable.strings in Resources */ = {isa = PBXBuildFile; fileRef = 7E0980042AC2CA7C002CC40A /* Localizable.strings */; };
		7E0980072AC2CB4F002CC40A /* Strings+Generated.swift in Sources */ = {isa = PBXBuildFile; fileRef = 7E0980062AC2CB4F002CC40A /* Strings+Generated.swift */; };
		7E09800B2AC2CDD5002CC40A /* UIFonts + Extension.swift in Sources */ = {isa = PBXBuildFile; fileRef = 7E09800A2AC2CDD5002CC40A /* UIFonts + Extension.swift */; };
		7E09800D2AC2D1B5002CC40A /* CustomNavigationBar.swift in Sources */ = {isa = PBXBuildFile; fileRef = 7E09800C2AC2D1B5002CC40A /* CustomNavigationBar.swift */; };
		7E0980102AC2D442002CC40A /* UIView + Extension.swift in Sources */ = {isa = PBXBuildFile; fileRef = 7E09800F2AC2D442002CC40A /* UIView + Extension.swift */; };
		7E0980142AC2D8D4002CC40A /* CustomPresenterScrollView.swift in Sources */ = {isa = PBXBuildFile; fileRef = 7E0980132AC2D8D4002CC40A /* CustomPresenterScrollView.swift */; };
		7E0980162AC2DA49002CC40A /* UIConstants.swift in Sources */ = {isa = PBXBuildFile; fileRef = 7E0980152AC2DA49002CC40A /* UIConstants.swift */; };
		7E0980192AC2DDD2002CC40A /* Kingfisher in Frameworks */ = {isa = PBXBuildFile; productRef = 7E0980182AC2DDD2002CC40A /* Kingfisher */; };
		7E15C0682AD6A6B700A939D9 /* CustomPageControlView.swift in Sources */ = {isa = PBXBuildFile; fileRef = 7E15C0672AD6A6B700A939D9 /* CustomPageControlView.swift */; };
		7E2CF7482ACA9B1D008F3BA0 /* CustomHotelRateView.swift in Sources */ = {isa = PBXBuildFile; fileRef = 7E2CF7472ACA9B1D008F3BA0 /* CustomHotelRateView.swift */; };
		7E2CF74A2ACAA114008F3BA0 /* CustomBackgroundView.swift in Sources */ = {isa = PBXBuildFile; fileRef = 7E2CF7492ACAA114008F3BA0 /* CustomBackgroundView.swift */; };
		7E2CF74C2ACACCA8008F3BA0 /* CustomSelfSizeCollectionViewFlowLayout.swift in Sources */ = {isa = PBXBuildFile; fileRef = 7E2CF74B2ACACCA8008F3BA0 /* CustomSelfSizeCollectionViewFlowLayout.swift */; };
		7E2CF74F2ACAD00C008F3BA0 /* HotelCollectionViewProvider.swift in Sources */ = {isa = PBXBuildFile; fileRef = 7E2CF74E2ACAD00C008F3BA0 /* HotelCollectionViewProvider.swift */; };
		7E2CF7522ACAD0D8008F3BA0 /* CustomCollectionViewCell.swift in Sources */ = {isa = PBXBuildFile; fileRef = 7E2CF7512ACAD0D8008F3BA0 /* CustomCollectionViewCell.swift */; };
		7E2CF7582ACADDE2008F3BA0 /* CustomCollectionViewReusableView.swift in Sources */ = {isa = PBXBuildFile; fileRef = 7E2CF7572ACADDE2008F3BA0 /* CustomCollectionViewReusableView.swift */; };
		7E2CF75A2ACAFD97008F3BA0 /* HotelTableViewProvider.swift in Sources */ = {isa = PBXBuildFile; fileRef = 7E2CF7592ACAFD97008F3BA0 /* HotelTableViewProvider.swift */; };
		7E2CF75D2ACAFE26008F3BA0 /* HotelTableViewCell.swift in Sources */ = {isa = PBXBuildFile; fileRef = 7E2CF75C2ACAFE26008F3BA0 /* HotelTableViewCell.swift */; };
		7E2CF75F2ACC036A008F3BA0 /* CustomBaseButton.swift in Sources */ = {isa = PBXBuildFile; fileRef = 7E2CF75E2ACC036A008F3BA0 /* CustomBaseButton.swift */; };
		7E2CF7612ACC2960008F3BA0 /* NetworkClient.swift in Sources */ = {isa = PBXBuildFile; fileRef = 7E2CF7602ACC2960008F3BA0 /* NetworkClient.swift */; };
		7E2CF7652ACC5563008F3BA0 /* NetworkClientProtocol.swift in Sources */ = {isa = PBXBuildFile; fileRef = 7E2CF7642ACC5563008F3BA0 /* NetworkClientProtocol.swift */; };
		7E2CF7682ACC55D3008F3BA0 /* Hotel.swift in Sources */ = {isa = PBXBuildFile; fileRef = 7E2CF7672ACC55D3008F3BA0 /* Hotel.swift */; };
		7E2CF76A2ACC55E8008F3BA0 /* AboutHotel.swift in Sources */ = {isa = PBXBuildFile; fileRef = 7E2CF7692ACC55E8008F3BA0 /* AboutHotel.swift */; };
		7E2CF76D2ACC5724008F3BA0 /* HotelViewModel.swift in Sources */ = {isa = PBXBuildFile; fileRef = 7E2CF76C2ACC5724008F3BA0 /* HotelViewModel.swift */; };
		7E2CF76F2ACC573B008F3BA0 /* HotelViewModelProtocol.swift in Sources */ = {isa = PBXBuildFile; fileRef = 7E2CF76E2ACC573B008F3BA0 /* HotelViewModelProtocol.swift */; };
		7E2CF7722ACC7352008F3BA0 /* UIViewController + Extension.swift in Sources */ = {isa = PBXBuildFile; fileRef = 7E2CF7712ACC7352008F3BA0 /* UIViewController + Extension.swift */; };
		7E6D0D282AD53C6A00922F7B /* PaymentSuccesViewController.swift in Sources */ = {isa = PBXBuildFile; fileRef = 7E6D0D272AD53C6A00922F7B /* PaymentSuccesViewController.swift */; };
		7ECDDF122AD3D72A009C1014 /* CustomTotalSumOfTripStackView.swift in Sources */ = {isa = PBXBuildFile; fileRef = 7ECDDF112AD3D72A009C1014 /* CustomTotalSumOfTripStackView.swift */; };
		7ECDDF152AD3EEC2009C1014 /* ContentSizedTableView.swift in Sources */ = {isa = PBXBuildFile; fileRef = 7ECDDF142AD3EEC2009C1014 /* ContentSizedTableView.swift */; };
		7ECDDF182AD3FE55009C1014 /* ReservationViewModel.swift in Sources */ = {isa = PBXBuildFile; fileRef = 7ECDDF172AD3FE55009C1014 /* ReservationViewModel.swift */; };
		7ECDDF1A2AD3FE73009C1014 /* ReservationViewModelProtocol.swift in Sources */ = {isa = PBXBuildFile; fileRef = 7ECDDF192AD3FE73009C1014 /* ReservationViewModelProtocol.swift */; };
		7ED110692ACFD62000A1D1D6 /* ReservationViewController.swift in Sources */ = {isa = PBXBuildFile; fileRef = 7ED110682ACFD62000A1D1D6 /* ReservationViewController.swift */; };
		7ED1106C2ACFFEE500A1D1D6 /* CustomTripInfoStackView.swift in Sources */ = {isa = PBXBuildFile; fileRef = 7ED1106B2ACFFEE500A1D1D6 /* CustomTripInfoStackView.swift */; };
		7ED1106E2AD005FF00A1D1D6 /* Trip.swift in Sources */ = {isa = PBXBuildFile; fileRef = 7ED1106D2AD005FF00A1D1D6 /* Trip.swift */; };
		7ED110742AD014D200A1D1D6 /* CustomInputFormView.swift in Sources */ = {isa = PBXBuildFile; fileRef = 7ED110732AD014D200A1D1D6 /* CustomInputFormView.swift */; };
		7EECCA2F2ACD38C800883A69 /* ViewControllerFactory.swift in Sources */ = {isa = PBXBuildFile; fileRef = 7EECCA2E2ACD38C800883A69 /* ViewControllerFactory.swift */; };
		7EECCA322ACD38E900883A69 /* ViewControllerFactoryProtocol.swift in Sources */ = {isa = PBXBuildFile; fileRef = 7EECCA312ACD38E900883A69 /* ViewControllerFactoryProtocol.swift */; };
		7EECCA352ACD393200883A69 /* AppCoordinator.swift in Sources */ = {isa = PBXBuildFile; fileRef = 7EECCA342ACD393200883A69 /* AppCoordinator.swift */; };
		7EECCA372ACD394C00883A69 /* CoordinatorProtocol.swift in Sources */ = {isa = PBXBuildFile; fileRef = 7EECCA362ACD394C00883A69 /* CoordinatorProtocol.swift */; };
		7EECCA3C2ACD40A000883A69 /* RoomViewController.swift in Sources */ = {isa = PBXBuildFile; fileRef = 7EECCA3B2ACD40A000883A69 /* RoomViewController.swift */; };
		7EECCA3F2ACD4F8A00883A69 /* RoomTableViewCell.swift in Sources */ = {isa = PBXBuildFile; fileRef = 7EECCA3E2ACD4F8A00883A69 /* RoomTableViewCell.swift */; };
		7EECCA422ACD51B600883A69 /* Rooms.swift in Sources */ = {isa = PBXBuildFile; fileRef = 7EECCA412ACD51B600883A69 /* Rooms.swift */; };
		7EECCA442ACD52D400883A69 /* RoomTableViewCellCollectionViewProvider.swift in Sources */ = {isa = PBXBuildFile; fileRef = 7EECCA432ACD52D400883A69 /* RoomTableViewCellCollectionViewProvider.swift */; };
		7EECCA472ACD5A2600883A69 /* RoomTableViewProvider.swift in Sources */ = {isa = PBXBuildFile; fileRef = 7EECCA462ACD5A2600883A69 /* RoomTableViewProvider.swift */; };
		7EECCA492ACD6D0600883A69 /* RoomViewModel.swift in Sources */ = {isa = PBXBuildFile; fileRef = 7EECCA482ACD6D0600883A69 /* RoomViewModel.swift */; };
		7EECCA4B2ACD6D2200883A69 /* RoomViewModelProtocol.swift in Sources */ = {isa = PBXBuildFile; fileRef = 7EECCA4A2ACD6D2200883A69 /* RoomViewModelProtocol.swift */; };
		7EEECA7A2AD580B800F3B089 /* UIResponder + Extension.swift in Sources */ = {isa = PBXBuildFile; fileRef = 7EEECA792AD580B800F3B089 /* UIResponder + Extension.swift */; };
		7EF27E462AD457B500D00194 /* NumberTransferService.swift in Sources */ = {isa = PBXBuildFile; fileRef = 7EF27E452AD457B500D00194 /* NumberTransferService.swift */; };
		7EF27E482AD45D4A00D00194 /* CurrencyFormatterService.swift in Sources */ = {isa = PBXBuildFile; fileRef = 7EF27E472AD45D4A00D00194 /* CurrencyFormatterService.swift */; };
		7EFA4B2B2AD2FC500003AA19 /* ExpandableTouristMenu.swift in Sources */ = {isa = PBXBuildFile; fileRef = 7EFA4B2A2AD2FC500003AA19 /* ExpandableTouristMenu.swift */; };
		7EFA4B2E2AD2FD8E0003AA19 /* ExpandableTableViewHeaderFooterView.swift in Sources */ = {isa = PBXBuildFile; fileRef = 7EFA4B2D2AD2FD8E0003AA19 /* ExpandableTableViewHeaderFooterView.swift */; };
		7EFA4B312AD300A00003AA19 /* ExpandableTableViewHeaderViewDelegate.swift in Sources */ = {isa = PBXBuildFile; fileRef = 7EFA4B302AD300A00003AA19 /* ExpandableTableViewHeaderViewDelegate.swift */; };
		7EFA4B342AD311EA0003AA19 /* TouristsTableViewProvider.swift in Sources */ = {isa = PBXBuildFile; fileRef = 7EFA4B332AD311EA0003AA19 /* TouristsTableViewProvider.swift */; };
		7EFA4B362AD32B9A0003AA19 /* TouristsTableViewCell.swift in Sources */ = {isa = PBXBuildFile; fileRef = 7EFA4B352AD32B9A0003AA19 /* TouristsTableViewCell.swift */; };
/* End PBXBuildFile section */

/* Begin PBXFileReference section */
		7E097FE02AC2C2D1002CC40A /* BookIn.app */ = {isa = PBXFileReference; explicitFileType = wrapper.application; includeInIndex = 0; path = BookIn.app; sourceTree = BUILT_PRODUCTS_DIR; };
		7E097FE32AC2C2D1002CC40A /* AppDelegate.swift */ = {isa = PBXFileReference; lastKnownFileType = sourcecode.swift; path = AppDelegate.swift; sourceTree = "<group>"; };
		7E097FE52AC2C2D1002CC40A /* SceneDelegate.swift */ = {isa = PBXFileReference; lastKnownFileType = sourcecode.swift; path = SceneDelegate.swift; sourceTree = "<group>"; };
		7E097FE72AC2C2D1002CC40A /* HotelViewController.swift */ = {isa = PBXFileReference; lastKnownFileType = sourcecode.swift; path = HotelViewController.swift; sourceTree = "<group>"; };
		7E097FEC2AC2C2D4002CC40A /* Assets.xcassets */ = {isa = PBXFileReference; lastKnownFileType = folder.assetcatalog; path = Assets.xcassets; sourceTree = "<group>"; };
		7E097FEF2AC2C2D4002CC40A /* Base */ = {isa = PBXFileReference; lastKnownFileType = file.storyboard; name = Base; path = Base.lproj/LaunchScreen.storyboard; sourceTree = "<group>"; };
		7E097FF12AC2C2D4002CC40A /* Info.plist */ = {isa = PBXFileReference; lastKnownFileType = text.plist.xml; path = Info.plist; sourceTree = "<group>"; };
		7E097FFA2AC2C7F7002CC40A /* UIColors + Extension.swift */ = {isa = PBXFileReference; lastKnownFileType = sourcecode.swift; path = "UIColors + Extension.swift"; sourceTree = "<group>"; };
		7E097FFD2AC2C838002CC40A /* Resources.swift */ = {isa = PBXFileReference; lastKnownFileType = sourcecode.swift; path = Resources.swift; sourceTree = "<group>"; };
		7E0980032AC2CA7C002CC40A /* en */ = {isa = PBXFileReference; lastKnownFileType = text.plist.strings; name = en; path = en.lproj/Localizable.strings; sourceTree = "<group>"; };
		7E0980062AC2CB4F002CC40A /* Strings+Generated.swift */ = {isa = PBXFileReference; fileEncoding = 4; lastKnownFileType = sourcecode.swift; path = "Strings+Generated.swift"; sourceTree = "<group>"; };
		7E09800A2AC2CDD5002CC40A /* UIFonts + Extension.swift */ = {isa = PBXFileReference; lastKnownFileType = sourcecode.swift; path = "UIFonts + Extension.swift"; sourceTree = "<group>"; };
		7E09800C2AC2D1B5002CC40A /* CustomNavigationBar.swift */ = {isa = PBXFileReference; lastKnownFileType = sourcecode.swift; path = CustomNavigationBar.swift; sourceTree = "<group>"; };
		7E09800F2AC2D442002CC40A /* UIView + Extension.swift */ = {isa = PBXFileReference; lastKnownFileType = sourcecode.swift; path = "UIView + Extension.swift"; sourceTree = "<group>"; };
		7E0980132AC2D8D4002CC40A /* CustomPresenterScrollView.swift */ = {isa = PBXFileReference; lastKnownFileType = sourcecode.swift; path = CustomPresenterScrollView.swift; sourceTree = "<group>"; };
		7E0980152AC2DA49002CC40A /* UIConstants.swift */ = {isa = PBXFileReference; lastKnownFileType = sourcecode.swift; path = UIConstants.swift; sourceTree = "<group>"; };
		7E15C0672AD6A6B700A939D9 /* CustomPageControlView.swift */ = {isa = PBXFileReference; lastKnownFileType = sourcecode.swift; path = CustomPageControlView.swift; sourceTree = "<group>"; };
		7E2CF7472ACA9B1D008F3BA0 /* CustomHotelRateView.swift */ = {isa = PBXFileReference; lastKnownFileType = sourcecode.swift; path = CustomHotelRateView.swift; sourceTree = "<group>"; };
		7E2CF7492ACAA114008F3BA0 /* CustomBackgroundView.swift */ = {isa = PBXFileReference; lastKnownFileType = sourcecode.swift; path = CustomBackgroundView.swift; sourceTree = "<group>"; };
		7E2CF74B2ACACCA8008F3BA0 /* CustomSelfSizeCollectionViewFlowLayout.swift */ = {isa = PBXFileReference; lastKnownFileType = sourcecode.swift; path = CustomSelfSizeCollectionViewFlowLayout.swift; sourceTree = "<group>"; };
		7E2CF74E2ACAD00C008F3BA0 /* HotelCollectionViewProvider.swift */ = {isa = PBXFileReference; lastKnownFileType = sourcecode.swift; path = HotelCollectionViewProvider.swift; sourceTree = "<group>"; };
		7E2CF7512ACAD0D8008F3BA0 /* CustomCollectionViewCell.swift */ = {isa = PBXFileReference; lastKnownFileType = sourcecode.swift; path = CustomCollectionViewCell.swift; sourceTree = "<group>"; };
		7E2CF7572ACADDE2008F3BA0 /* CustomCollectionViewReusableView.swift */ = {isa = PBXFileReference; lastKnownFileType = sourcecode.swift; path = CustomCollectionViewReusableView.swift; sourceTree = "<group>"; };
		7E2CF7592ACAFD97008F3BA0 /* HotelTableViewProvider.swift */ = {isa = PBXFileReference; lastKnownFileType = sourcecode.swift; path = HotelTableViewProvider.swift; sourceTree = "<group>"; };
		7E2CF75C2ACAFE26008F3BA0 /* HotelTableViewCell.swift */ = {isa = PBXFileReference; lastKnownFileType = sourcecode.swift; path = HotelTableViewCell.swift; sourceTree = "<group>"; };
		7E2CF75E2ACC036A008F3BA0 /* CustomBaseButton.swift */ = {isa = PBXFileReference; lastKnownFileType = sourcecode.swift; path = CustomBaseButton.swift; sourceTree = "<group>"; };
		7E2CF7602ACC2960008F3BA0 /* NetworkClient.swift */ = {isa = PBXFileReference; lastKnownFileType = sourcecode.swift; path = NetworkClient.swift; sourceTree = "<group>"; };
		7E2CF7642ACC5563008F3BA0 /* NetworkClientProtocol.swift */ = {isa = PBXFileReference; lastKnownFileType = sourcecode.swift; path = NetworkClientProtocol.swift; sourceTree = "<group>"; };
		7E2CF7672ACC55D3008F3BA0 /* Hotel.swift */ = {isa = PBXFileReference; lastKnownFileType = sourcecode.swift; path = Hotel.swift; sourceTree = "<group>"; };
		7E2CF7692ACC55E8008F3BA0 /* AboutHotel.swift */ = {isa = PBXFileReference; lastKnownFileType = sourcecode.swift; path = AboutHotel.swift; sourceTree = "<group>"; };
		7E2CF76C2ACC5724008F3BA0 /* HotelViewModel.swift */ = {isa = PBXFileReference; lastKnownFileType = sourcecode.swift; path = HotelViewModel.swift; sourceTree = "<group>"; };
		7E2CF76E2ACC573B008F3BA0 /* HotelViewModelProtocol.swift */ = {isa = PBXFileReference; lastKnownFileType = sourcecode.swift; path = HotelViewModelProtocol.swift; sourceTree = "<group>"; };
		7E2CF7712ACC7352008F3BA0 /* UIViewController + Extension.swift */ = {isa = PBXFileReference; lastKnownFileType = sourcecode.swift; path = "UIViewController + Extension.swift"; sourceTree = "<group>"; };
		7E6D0D272AD53C6A00922F7B /* PaymentSuccesViewController.swift */ = {isa = PBXFileReference; lastKnownFileType = sourcecode.swift; path = PaymentSuccesViewController.swift; sourceTree = "<group>"; };
		7ECDDF112AD3D72A009C1014 /* CustomTotalSumOfTripStackView.swift */ = {isa = PBXFileReference; lastKnownFileType = sourcecode.swift; path = CustomTotalSumOfTripStackView.swift; sourceTree = "<group>"; };
		7ECDDF142AD3EEC2009C1014 /* ContentSizedTableView.swift */ = {isa = PBXFileReference; lastKnownFileType = sourcecode.swift; path = ContentSizedTableView.swift; sourceTree = "<group>"; };
		7ECDDF172AD3FE55009C1014 /* ReservationViewModel.swift */ = {isa = PBXFileReference; lastKnownFileType = sourcecode.swift; path = ReservationViewModel.swift; sourceTree = "<group>"; };
		7ECDDF192AD3FE73009C1014 /* ReservationViewModelProtocol.swift */ = {isa = PBXFileReference; lastKnownFileType = sourcecode.swift; path = ReservationViewModelProtocol.swift; sourceTree = "<group>"; };
		7ED110682ACFD62000A1D1D6 /* ReservationViewController.swift */ = {isa = PBXFileReference; lastKnownFileType = sourcecode.swift; path = ReservationViewController.swift; sourceTree = "<group>"; };
		7ED1106B2ACFFEE500A1D1D6 /* CustomTripInfoStackView.swift */ = {isa = PBXFileReference; lastKnownFileType = sourcecode.swift; path = CustomTripInfoStackView.swift; sourceTree = "<group>"; };
		7ED1106D2AD005FF00A1D1D6 /* Trip.swift */ = {isa = PBXFileReference; lastKnownFileType = sourcecode.swift; path = Trip.swift; sourceTree = "<group>"; };
		7ED110732AD014D200A1D1D6 /* CustomInputFormView.swift */ = {isa = PBXFileReference; lastKnownFileType = sourcecode.swift; path = CustomInputFormView.swift; sourceTree = "<group>"; };
		7EECCA2E2ACD38C800883A69 /* ViewControllerFactory.swift */ = {isa = PBXFileReference; lastKnownFileType = sourcecode.swift; path = ViewControllerFactory.swift; sourceTree = "<group>"; };
		7EECCA312ACD38E900883A69 /* ViewControllerFactoryProtocol.swift */ = {isa = PBXFileReference; lastKnownFileType = sourcecode.swift; path = ViewControllerFactoryProtocol.swift; sourceTree = "<group>"; };
		7EECCA342ACD393200883A69 /* AppCoordinator.swift */ = {isa = PBXFileReference; lastKnownFileType = sourcecode.swift; path = AppCoordinator.swift; sourceTree = "<group>"; };
		7EECCA362ACD394C00883A69 /* CoordinatorProtocol.swift */ = {isa = PBXFileReference; lastKnownFileType = sourcecode.swift; path = CoordinatorProtocol.swift; sourceTree = "<group>"; };
		7EECCA3B2ACD40A000883A69 /* RoomViewController.swift */ = {isa = PBXFileReference; lastKnownFileType = sourcecode.swift; path = RoomViewController.swift; sourceTree = "<group>"; };
		7EECCA3E2ACD4F8A00883A69 /* RoomTableViewCell.swift */ = {isa = PBXFileReference; lastKnownFileType = sourcecode.swift; path = RoomTableViewCell.swift; sourceTree = "<group>"; };
		7EECCA412ACD51B600883A69 /* Rooms.swift */ = {isa = PBXFileReference; lastKnownFileType = sourcecode.swift; path = Rooms.swift; sourceTree = "<group>"; };
		7EECCA432ACD52D400883A69 /* RoomTableViewCellCollectionViewProvider.swift */ = {isa = PBXFileReference; lastKnownFileType = sourcecode.swift; path = RoomTableViewCellCollectionViewProvider.swift; sourceTree = "<group>"; };
		7EECCA462ACD5A2600883A69 /* RoomTableViewProvider.swift */ = {isa = PBXFileReference; lastKnownFileType = sourcecode.swift; path = RoomTableViewProvider.swift; sourceTree = "<group>"; };
		7EECCA482ACD6D0600883A69 /* RoomViewModel.swift */ = {isa = PBXFileReference; lastKnownFileType = sourcecode.swift; path = RoomViewModel.swift; sourceTree = "<group>"; };
		7EECCA4A2ACD6D2200883A69 /* RoomViewModelProtocol.swift */ = {isa = PBXFileReference; lastKnownFileType = sourcecode.swift; path = RoomViewModelProtocol.swift; sourceTree = "<group>"; };
		7EEECA792AD580B800F3B089 /* UIResponder + Extension.swift */ = {isa = PBXFileReference; lastKnownFileType = sourcecode.swift; path = "UIResponder + Extension.swift"; sourceTree = "<group>"; };
		7EF27E452AD457B500D00194 /* NumberTransferService.swift */ = {isa = PBXFileReference; lastKnownFileType = sourcecode.swift; path = NumberTransferService.swift; sourceTree = "<group>"; };
		7EF27E472AD45D4A00D00194 /* CurrencyFormatterService.swift */ = {isa = PBXFileReference; lastKnownFileType = sourcecode.swift; path = CurrencyFormatterService.swift; sourceTree = "<group>"; };
		7EFA4B2A2AD2FC500003AA19 /* ExpandableTouristMenu.swift */ = {isa = PBXFileReference; lastKnownFileType = sourcecode.swift; path = ExpandableTouristMenu.swift; sourceTree = "<group>"; };
		7EFA4B2D2AD2FD8E0003AA19 /* ExpandableTableViewHeaderFooterView.swift */ = {isa = PBXFileReference; lastKnownFileType = sourcecode.swift; path = ExpandableTableViewHeaderFooterView.swift; sourceTree = "<group>"; };
		7EFA4B302AD300A00003AA19 /* ExpandableTableViewHeaderViewDelegate.swift */ = {isa = PBXFileReference; lastKnownFileType = sourcecode.swift; path = ExpandableTableViewHeaderViewDelegate.swift; sourceTree = "<group>"; };
		7EFA4B332AD311EA0003AA19 /* TouristsTableViewProvider.swift */ = {isa = PBXFileReference; lastKnownFileType = sourcecode.swift; path = TouristsTableViewProvider.swift; sourceTree = "<group>"; };
		7EFA4B352AD32B9A0003AA19 /* TouristsTableViewCell.swift */ = {isa = PBXFileReference; lastKnownFileType = sourcecode.swift; path = TouristsTableViewCell.swift; sourceTree = "<group>"; };
/* End PBXFileReference section */

/* Begin PBXFrameworksBuildPhase section */
		7E097FDD2AC2C2D1002CC40A /* Frameworks */ = {
			isa = PBXFrameworksBuildPhase;
			buildActionMask = 2147483647;
			files = (
				7E0980192AC2DDD2002CC40A /* Kingfisher in Frameworks */,
			);
			runOnlyForDeploymentPostprocessing = 0;
		};
/* End PBXFrameworksBuildPhase section */

/* Begin PBXGroup section */
		7E097FD72AC2C2D1002CC40A = {
			isa = PBXGroup;
			children = (
				7E097FE22AC2C2D1002CC40A /* BookIn */,
				7E097FE12AC2C2D1002CC40A /* Products */,
			);
			sourceTree = "<group>";
		};
		7E097FE12AC2C2D1002CC40A /* Products */ = {
			isa = PBXGroup;
			children = (
				7E097FE02AC2C2D1002CC40A /* BookIn.app */,
			);
			name = Products;
			sourceTree = "<group>";
		};
		7E097FE22AC2C2D1002CC40A /* BookIn */ = {
			isa = PBXGroup;
			children = (
				7E097FF82AC2C3D9002CC40A /* Application */,
				7EECCA302ACD38DD00883A69 /* Coordinator */,
				7E2CF7632ACC296E008F3BA0 /* Services */,
				7E097FF92AC2C3E6002CC40A /* Scenes */,
				7E2CF76B2ACC55FE008F3BA0 /* Models */,
				7E097FF72AC2C3CE002CC40A /* SupportingFiles */,
				7E09800E2AC2D1B8002CC40A /* Components */,
			);
			path = BookIn;
			sourceTree = "<group>";
		};
		7E097FF72AC2C3CE002CC40A /* SupportingFiles */ = {
			isa = PBXGroup;
			children = (
				7E097FFC2AC2C828002CC40A /* Extensions */,
				7E097FFF2AC2C8DD002CC40A /* Resources */,
				7E0980052AC2CA9E002CC40A /* Localizable */,
				7E097FEC2AC2C2D4002CC40A /* Assets.xcassets */,
				7E097FEE2AC2C2D4002CC40A /* LaunchScreen.storyboard */,
				7E097FF12AC2C2D4002CC40A /* Info.plist */,
			);
			path = SupportingFiles;
			sourceTree = "<group>";
		};
		7E097FF82AC2C3D9002CC40A /* Application */ = {
			isa = PBXGroup;
			children = (
				7E097FE32AC2C2D1002CC40A /* AppDelegate.swift */,
				7E097FE52AC2C2D1002CC40A /* SceneDelegate.swift */,
			);
			path = Application;
			sourceTree = "<group>";
		};
		7E097FF92AC2C3E6002CC40A /* Scenes */ = {
			isa = PBXGroup;
			children = (
				7E0980122AC2D5C2002CC40A /* HotelScreen */,
				7EECCA3D2ACD40B800883A69 /* RoomScreen */,
				7ED1106A2ACFDB7500A1D1D6 /* ReservationScreen */,
				7EEECA7B2AD580DD00F3B089 /* PaymentScreen */,
			);
			path = Scenes;
			sourceTree = "<group>";
		};
		7E097FFC2AC2C828002CC40A /* Extensions */ = {
			isa = PBXGroup;
			children = (
				7E097FFA2AC2C7F7002CC40A /* UIColors + Extension.swift */,
				7E2CF7712ACC7352008F3BA0 /* UIViewController + Extension.swift */,
				7EEECA792AD580B800F3B089 /* UIResponder + Extension.swift */,
				7E09800A2AC2CDD5002CC40A /* UIFonts + Extension.swift */,
				7E09800F2AC2D442002CC40A /* UIView + Extension.swift */,
			);
			path = Extensions;
			sourceTree = "<group>";
		};
		7E097FFF2AC2C8DD002CC40A /* Resources */ = {
			isa = PBXGroup;
			children = (
				7E097FFD2AC2C838002CC40A /* Resources.swift */,
				7E0980152AC2DA49002CC40A /* UIConstants.swift */,
			);
			path = Resources;
			sourceTree = "<group>";
		};
		7E0980052AC2CA9E002CC40A /* Localizable */ = {
			isa = PBXGroup;
			children = (
				7E0980062AC2CB4F002CC40A /* Strings+Generated.swift */,
				7E0980042AC2CA7C002CC40A /* Localizable.strings */,
			);
			path = Localizable;
			sourceTree = "<group>";
		};
		7E09800E2AC2D1B8002CC40A /* Components */ = {
			isa = PBXGroup;
			children = (
				7ED110712AD013F500A1D1D6 /* Buttons */,
				7E2CF74D2ACACCD9008F3BA0 /* CollectionView */,
				7ED1106F2AD013CE00A1D1D6 /* Navigation */,
				7ED110702AD013E300A1D1D6 /* ScrollView */,
				7ED110722AD013FA00A1D1D6 /* View */,
				7ECDDF132AD3D783009C1014 /* StackView */,
				7ECDDF162AD3EEED009C1014 /* TableView */,
			);
			path = Components;
			sourceTree = "<group>";
		};
		7E0980122AC2D5C2002CC40A /* HotelScreen */ = {
			isa = PBXGroup;
			children = (
				7E2CF7702ACC5747008F3BA0 /* Protocols */,
				7E2CF7502ACAD0C2008F3BA0 /* CollectionProvider */,
				7E2CF75B2ACAFD9A008F3BA0 /* TableViewProvider */,
				7E2CF76C2ACC5724008F3BA0 /* HotelViewModel.swift */,
				7E097FE72AC2C2D1002CC40A /* HotelViewController.swift */,
			);
			path = HotelScreen;
			sourceTree = "<group>";
		};
		7E2CF74D2ACACCD9008F3BA0 /* CollectionView */ = {
			isa = PBXGroup;
			children = (
				7E2CF74B2ACACCA8008F3BA0 /* CustomSelfSizeCollectionViewFlowLayout.swift */,
				7E2CF7512ACAD0D8008F3BA0 /* CustomCollectionViewCell.swift */,
				7E2CF7572ACADDE2008F3BA0 /* CustomCollectionViewReusableView.swift */,
			);
			path = CollectionView;
			sourceTree = "<group>";
		};
		7E2CF7502ACAD0C2008F3BA0 /* CollectionProvider */ = {
			isa = PBXGroup;
			children = (
				7E2CF74E2ACAD00C008F3BA0 /* HotelCollectionViewProvider.swift */,
			);
			path = CollectionProvider;
			sourceTree = "<group>";
		};
		7E2CF75B2ACAFD9A008F3BA0 /* TableViewProvider */ = {
			isa = PBXGroup;
			children = (
				7E2CF7592ACAFD97008F3BA0 /* HotelTableViewProvider.swift */,
				7E2CF75C2ACAFE26008F3BA0 /* HotelTableViewCell.swift */,
			);
			path = TableViewProvider;
			sourceTree = "<group>";
		};
		7E2CF7622ACC2967008F3BA0 /* Network */ = {
			isa = PBXGroup;
			children = (
				7E2CF7662ACC5566008F3BA0 /* Protocols */,
				7E2CF7602ACC2960008F3BA0 /* NetworkClient.swift */,
			);
			path = Network;
			sourceTree = "<group>";
		};
		7E2CF7632ACC296E008F3BA0 /* Services */ = {
			isa = PBXGroup;
			children = (
				7E2CF7622ACC2967008F3BA0 /* Network */,
				7EF27E452AD457B500D00194 /* NumberTransferService.swift */,
				7EF27E472AD45D4A00D00194 /* CurrencyFormatterService.swift */,
			);
			path = Services;
			sourceTree = "<group>";
		};
		7E2CF7662ACC5566008F3BA0 /* Protocols */ = {
			isa = PBXGroup;
			children = (
				7E2CF7642ACC5563008F3BA0 /* NetworkClientProtocol.swift */,
			);
			path = Protocols;
			sourceTree = "<group>";
		};
		7E2CF76B2ACC55FE008F3BA0 /* Models */ = {
			isa = PBXGroup;
			children = (
				7EFA4B2C2AD2FC7A0003AA19 /* TableView */,
				7E2CF7692ACC55E8008F3BA0 /* AboutHotel.swift */,
				7E2CF7672ACC55D3008F3BA0 /* Hotel.swift */,
				7EECCA412ACD51B600883A69 /* Rooms.swift */,
				7ED1106D2AD005FF00A1D1D6 /* Trip.swift */,
			);
			path = Models;
			sourceTree = "<group>";
		};
		7E2CF7702ACC5747008F3BA0 /* Protocols */ = {
			isa = PBXGroup;
			children = (
				7E2CF76E2ACC573B008F3BA0 /* HotelViewModelProtocol.swift */,
			);
			path = Protocols;
			sourceTree = "<group>";
		};
		7ECDDF132AD3D783009C1014 /* StackView */ = {
			isa = PBXGroup;
			children = (
				7ED1106B2ACFFEE500A1D1D6 /* CustomTripInfoStackView.swift */,
				7ECDDF112AD3D72A009C1014 /* CustomTotalSumOfTripStackView.swift */,
			);
			path = StackView;
			sourceTree = "<group>";
		};
		7ECDDF162AD3EEED009C1014 /* TableView */ = {
			isa = PBXGroup;
			children = (
				7ECDDF142AD3EEC2009C1014 /* ContentSizedTableView.swift */,
			);
			path = TableView;
			sourceTree = "<group>";
		};
		7ECDDF1B2AD3FE76009C1014 /* Protocols */ = {
			isa = PBXGroup;
			children = (
				7ECDDF192AD3FE73009C1014 /* ReservationViewModelProtocol.swift */,
			);
			path = Protocols;
			sourceTree = "<group>";
		};
		7ED1106A2ACFDB7500A1D1D6 /* ReservationScreen */ = {
			isa = PBXGroup;
			children = (
				7ECDDF1B2AD3FE76009C1014 /* Protocols */,
				7EFA4B2F2AD2FDA00003AA19 /* TableViewProvider */,
				7ECDDF172AD3FE55009C1014 /* ReservationViewModel.swift */,
				7ED110682ACFD62000A1D1D6 /* ReservationViewController.swift */,
			);
			path = ReservationScreen;
			sourceTree = "<group>";
		};
		7ED1106F2AD013CE00A1D1D6 /* Navigation */ = {
			isa = PBXGroup;
			children = (
				7E09800C2AC2D1B5002CC40A /* CustomNavigationBar.swift */,
			);
			path = Navigation;
			sourceTree = "<group>";
		};
		7ED110702AD013E300A1D1D6 /* ScrollView */ = {
			isa = PBXGroup;
			children = (
				7E0980132AC2D8D4002CC40A /* CustomPresenterScrollView.swift */,
			);
			path = ScrollView;
			sourceTree = "<group>";
		};
		7ED110712AD013F500A1D1D6 /* Buttons */ = {
			isa = PBXGroup;
			children = (
				7E2CF75E2ACC036A008F3BA0 /* CustomBaseButton.swift */,
			);
			path = Buttons;
			sourceTree = "<group>";
		};
		7ED110722AD013FA00A1D1D6 /* View */ = {
			isa = PBXGroup;
			children = (
				7E15C0672AD6A6B700A939D9 /* CustomPageControlView.swift */,
				7E2CF7472ACA9B1D008F3BA0 /* CustomHotelRateView.swift */,
				7E2CF7492ACAA114008F3BA0 /* CustomBackgroundView.swift */,
				7ED110732AD014D200A1D1D6 /* CustomInputFormView.swift */,
			);
			path = View;
			sourceTree = "<group>";
		};
		7EECCA302ACD38DD00883A69 /* Coordinator */ = {
			isa = PBXGroup;
			children = (
				7EECCA332ACD38EC00883A69 /* Protocols */,
				7EECCA342ACD393200883A69 /* AppCoordinator.swift */,
				7EECCA2E2ACD38C800883A69 /* ViewControllerFactory.swift */,
			);
			path = Coordinator;
			sourceTree = "<group>";
		};
		7EECCA332ACD38EC00883A69 /* Protocols */ = {
			isa = PBXGroup;
			children = (
				7EECCA312ACD38E900883A69 /* ViewControllerFactoryProtocol.swift */,
				7EECCA362ACD394C00883A69 /* CoordinatorProtocol.swift */,
			);
			path = Protocols;
			sourceTree = "<group>";
		};
		7EECCA3D2ACD40B800883A69 /* RoomScreen */ = {
			isa = PBXGroup;
			children = (
				7EECCA4C2ACD6D2500883A69 /* Protocols */,
				7EECCA402ACD4F9100883A69 /* TableViewProvider */,
				7EECCA482ACD6D0600883A69 /* RoomViewModel.swift */,
				7EECCA3B2ACD40A000883A69 /* RoomViewController.swift */,
			);
			path = RoomScreen;
			sourceTree = "<group>";
		};
		7EECCA402ACD4F9100883A69 /* TableViewProvider */ = {
			isa = PBXGroup;
			children = (
				7EECCA452ACD556A00883A69 /* CollectionViewProvider */,
				7EECCA462ACD5A2600883A69 /* RoomTableViewProvider.swift */,
				7EECCA3E2ACD4F8A00883A69 /* RoomTableViewCell.swift */,
			);
			path = TableViewProvider;
			sourceTree = "<group>";
		};
		7EECCA452ACD556A00883A69 /* CollectionViewProvider */ = {
			isa = PBXGroup;
			children = (
				7EECCA432ACD52D400883A69 /* RoomTableViewCellCollectionViewProvider.swift */,
			);
			path = CollectionViewProvider;
			sourceTree = "<group>";
		};
		7EECCA4C2ACD6D2500883A69 /* Protocols */ = {
			isa = PBXGroup;
			children = (
				7EECCA4A2ACD6D2200883A69 /* RoomViewModelProtocol.swift */,
			);
			path = Protocols;
			sourceTree = "<group>";
		};
		7EEECA7B2AD580DD00F3B089 /* PaymentScreen */ = {
			isa = PBXGroup;
			children = (
				7E6D0D272AD53C6A00922F7B /* PaymentSuccesViewController.swift */,
			);
			path = PaymentScreen;
			sourceTree = "<group>";
		};
		7EFA4B2C2AD2FC7A0003AA19 /* TableView */ = {
			isa = PBXGroup;
			children = (
				7EFA4B2A2AD2FC500003AA19 /* ExpandableTouristMenu.swift */,
			);
			path = TableView;
			sourceTree = "<group>";
		};
		7EFA4B2F2AD2FDA00003AA19 /* TableViewProvider */ = {
			isa = PBXGroup;
			children = (
				7EFA4B322AD300A80003AA19 /* Protocols */,
				7EFA4B332AD311EA0003AA19 /* TouristsTableViewProvider.swift */,
				7EFA4B352AD32B9A0003AA19 /* TouristsTableViewCell.swift */,
				7EFA4B2D2AD2FD8E0003AA19 /* ExpandableTableViewHeaderFooterView.swift */,
			);
			path = TableViewProvider;
			sourceTree = "<group>";
		};
		7EFA4B322AD300A80003AA19 /* Protocols */ = {
			isa = PBXGroup;
			children = (
				7EFA4B302AD300A00003AA19 /* ExpandableTableViewHeaderViewDelegate.swift */,
			);
			path = Protocols;
			sourceTree = "<group>";
		};
/* End PBXGroup section */

/* Begin PBXNativeTarget section */
		7E097FDF2AC2C2D1002CC40A /* BookIn */ = {
			isa = PBXNativeTarget;
			buildConfigurationList = 7E097FF42AC2C2D4002CC40A /* Build configuration list for PBXNativeTarget "BookIn" */;
			buildPhases = (
				7E097FDC2AC2C2D1002CC40A /* Sources */,
				7E0980082AC2CBF4002CC40A /* Swiftlint */,
				7E0980092AC2CC0F002CC40A /* SwiftGen */,
				7E097FDD2AC2C2D1002CC40A /* Frameworks */,
				7E097FDE2AC2C2D1002CC40A /* Resources */,
			);
			buildRules = (
			);
			dependencies = (
			);
			name = BookIn;
			packageProductDependencies = (
				7E0980182AC2DDD2002CC40A /* Kingfisher */,
			);
			productName = BookIn;
			productReference = 7E097FE02AC2C2D1002CC40A /* BookIn.app */;
			productType = "com.apple.product-type.application";
		};
/* End PBXNativeTarget section */

/* Begin PBXProject section */
		7E097FD82AC2C2D1002CC40A /* Project object */ = {
			isa = PBXProject;
			attributes = {
				BuildIndependentTargetsInParallel = 1;
				LastSwiftUpdateCheck = 1430;
				LastUpgradeCheck = 1430;
				TargetAttributes = {
					7E097FDF2AC2C2D1002CC40A = {
						CreatedOnToolsVersion = 14.3.1;
					};
				};
			};
			buildConfigurationList = 7E097FDB2AC2C2D1002CC40A /* Build configuration list for PBXProject "BookIn" */;
			compatibilityVersion = "Xcode 14.0";
			developmentRegion = en;
			hasScannedForEncodings = 0;
			knownRegions = (
				en,
				Base,
			);
			mainGroup = 7E097FD72AC2C2D1002CC40A;
			packageReferences = (
				7E0980172AC2DDD2002CC40A /* XCRemoteSwiftPackageReference "Kingfisher" */,
			);
			productRefGroup = 7E097FE12AC2C2D1002CC40A /* Products */;
			projectDirPath = "";
			projectRoot = "";
			targets = (
				7E097FDF2AC2C2D1002CC40A /* BookIn */,
			);
		};
/* End PBXProject section */

/* Begin PBXResourcesBuildPhase section */
		7E097FDE2AC2C2D1002CC40A /* Resources */ = {
			isa = PBXResourcesBuildPhase;
			buildActionMask = 2147483647;
			files = (
				7E097FF02AC2C2D4002CC40A /* LaunchScreen.storyboard in Resources */,
				7E0980022AC2CA7C002CC40A /* Localizable.strings in Resources */,
				7E097FED2AC2C2D4002CC40A /* Assets.xcassets in Resources */,
			);
			runOnlyForDeploymentPostprocessing = 0;
		};
/* End PBXResourcesBuildPhase section */

/* Begin PBXShellScriptBuildPhase section */
		7E0980082AC2CBF4002CC40A /* Swiftlint */ = {
			isa = PBXShellScriptBuildPhase;
			buildActionMask = 2147483647;
			files = (
			);
			inputFileListPaths = (
			);
			inputPaths = (
			);
			name = Swiftlint;
			outputFileListPaths = (
			);
			outputPaths = (
			);
			runOnlyForDeploymentPostprocessing = 0;
			shellPath = /bin/sh;
			shellScript = "if [[ \"$(uname -m)\" == arm64 ]]; then\n    export PATH=\"/opt/homebrew/bin:$PATH\"\nfi\n\nif which swiftlint > /dev/null; then\n  swiftlint\nelse\n  echo \"warning: SwiftLint not installed, download from https://github.com/realm/SwiftLint\"\nfi\n";
		};
		7E0980092AC2CC0F002CC40A /* SwiftGen */ = {
			isa = PBXShellScriptBuildPhase;
			buildActionMask = 2147483647;
			files = (
			);
			inputFileListPaths = (
			);
			inputPaths = (
			);
			name = SwiftGen;
			outputFileListPaths = (
			);
			outputPaths = (
			);
			runOnlyForDeploymentPostprocessing = 0;
			shellPath = /bin/sh;
			shellScript = "export PATH=\"$PATH:/opt/homebrew/bin\"\n\nif which swiftgen; then\n    swiftgen\nelse\n  echo \"warning: SwiftLint not installed, download from https://github.com/realm/SwiftLint\"\nfi\n";
		};
/* End PBXShellScriptBuildPhase section */

/* Begin PBXSourcesBuildPhase section */
		7E097FDC2AC2C2D1002CC40A /* Sources */ = {
			isa = PBXSourcesBuildPhase;
			buildActionMask = 2147483647;
			files = (
				7E097FE82AC2C2D1002CC40A /* HotelViewController.swift in Sources */,
				7EF27E462AD457B500D00194 /* NumberTransferService.swift in Sources */,
				7EEECA7A2AD580B800F3B089 /* UIResponder + Extension.swift in Sources */,
				7EF27E482AD45D4A00D00194 /* CurrencyFormatterService.swift in Sources */,
				7EECCA2F2ACD38C800883A69 /* ViewControllerFactory.swift in Sources */,
				7ED1106E2AD005FF00A1D1D6 /* Trip.swift in Sources */,
				7EECCA322ACD38E900883A69 /* ViewControllerFactoryProtocol.swift in Sources */,
				7EECCA372ACD394C00883A69 /* CoordinatorProtocol.swift in Sources */,
				7E097FFB2AC2C7F7002CC40A /* UIColors + Extension.swift in Sources */,
				7E2CF76A2ACC55E8008F3BA0 /* AboutHotel.swift in Sources */,
				7E6D0D282AD53C6A00922F7B /* PaymentSuccesViewController.swift in Sources */,
				7ECDDF152AD3EEC2009C1014 /* ContentSizedTableView.swift in Sources */,
				7E2CF7682ACC55D3008F3BA0 /* Hotel.swift in Sources */,
				7ED1106C2ACFFEE500A1D1D6 /* CustomTripInfoStackView.swift in Sources */,
				7E2CF7482ACA9B1D008F3BA0 /* CustomHotelRateView.swift in Sources */,
				7E2CF75F2ACC036A008F3BA0 /* CustomBaseButton.swift in Sources */,
				7E0980072AC2CB4F002CC40A /* Strings+Generated.swift in Sources */,
				7EECCA442ACD52D400883A69 /* RoomTableViewCellCollectionViewProvider.swift in Sources */,
				7E2CF7582ACADDE2008F3BA0 /* CustomCollectionViewReusableView.swift in Sources */,
				7E2CF76D2ACC5724008F3BA0 /* HotelViewModel.swift in Sources */,
				7E2CF74A2ACAA114008F3BA0 /* CustomBackgroundView.swift in Sources */,
				7EFA4B312AD300A00003AA19 /* ExpandableTableViewHeaderViewDelegate.swift in Sources */,
				7EFA4B342AD311EA0003AA19 /* TouristsTableViewProvider.swift in Sources */,
				7EECCA352ACD393200883A69 /* AppCoordinator.swift in Sources */,
				7E2CF7722ACC7352008F3BA0 /* UIViewController + Extension.swift in Sources */,
				7EECCA3C2ACD40A000883A69 /* RoomViewController.swift in Sources */,
				7E15C0682AD6A6B700A939D9 /* CustomPageControlView.swift in Sources */,
				7EECCA472ACD5A2600883A69 /* RoomTableViewProvider.swift in Sources */,
				7E09800B2AC2CDD5002CC40A /* UIFonts + Extension.swift in Sources */,
				7E2CF74C2ACACCA8008F3BA0 /* CustomSelfSizeCollectionViewFlowLayout.swift in Sources */,
				7EECCA3F2ACD4F8A00883A69 /* RoomTableViewCell.swift in Sources */,
				7E2CF75D2ACAFE26008F3BA0 /* HotelTableViewCell.swift in Sources */,
				7ECDDF1A2AD3FE73009C1014 /* ReservationViewModelProtocol.swift in Sources */,
				7ED110742AD014D200A1D1D6 /* CustomInputFormView.swift in Sources */,
				7E0980142AC2D8D4002CC40A /* CustomPresenterScrollView.swift in Sources */,
				7ED110692ACFD62000A1D1D6 /* ReservationViewController.swift in Sources */,
				7E2CF7612ACC2960008F3BA0 /* NetworkClient.swift in Sources */,
				7E09800D2AC2D1B5002CC40A /* CustomNavigationBar.swift in Sources */,
				7E097FE42AC2C2D1002CC40A /* AppDelegate.swift in Sources */,
				7ECDDF182AD3FE55009C1014 /* ReservationViewModel.swift in Sources */,
				7EECCA422ACD51B600883A69 /* Rooms.swift in Sources */,
				7E2CF76F2ACC573B008F3BA0 /* HotelViewModelProtocol.swift in Sources */,
				7E097FFE2AC2C838002CC40A /* Resources.swift in Sources */,
				7E2CF74F2ACAD00C008F3BA0 /* HotelCollectionViewProvider.swift in Sources */,
				7E2CF7522ACAD0D8008F3BA0 /* CustomCollectionViewCell.swift in Sources */,
				7EFA4B2B2AD2FC500003AA19 /* ExpandableTouristMenu.swift in Sources */,
				7EECCA4B2ACD6D2200883A69 /* RoomViewModelProtocol.swift in Sources */,
				7E0980162AC2DA49002CC40A /* UIConstants.swift in Sources */,
				7EFA4B2E2AD2FD8E0003AA19 /* ExpandableTableViewHeaderFooterView.swift in Sources */,
				7EECCA492ACD6D0600883A69 /* RoomViewModel.swift in Sources */,
				7E2CF75A2ACAFD97008F3BA0 /* HotelTableViewProvider.swift in Sources */,
				7EFA4B362AD32B9A0003AA19 /* TouristsTableViewCell.swift in Sources */,
				7ECDDF122AD3D72A009C1014 /* CustomTotalSumOfTripStackView.swift in Sources */,
				7E2CF7652ACC5563008F3BA0 /* NetworkClientProtocol.swift in Sources */,
				7E097FE62AC2C2D1002CC40A /* SceneDelegate.swift in Sources */,
				7E0980102AC2D442002CC40A /* UIView + Extension.swift in Sources */,
			);
			runOnlyForDeploymentPostprocessing = 0;
		};
/* End PBXSourcesBuildPhase section */

/* Begin PBXVariantGroup section */
		7E097FEE2AC2C2D4002CC40A /* LaunchScreen.storyboard */ = {
			isa = PBXVariantGroup;
			children = (
				7E097FEF2AC2C2D4002CC40A /* Base */,
			);
			name = LaunchScreen.storyboard;
			sourceTree = "<group>";
		};
		7E0980042AC2CA7C002CC40A /* Localizable.strings */ = {
			isa = PBXVariantGroup;
			children = (
				7E0980032AC2CA7C002CC40A /* en */,
			);
			name = Localizable.strings;
			sourceTree = "<group>";
		};
/* End PBXVariantGroup section */

/* Begin XCBuildConfiguration section */
		7E097FF22AC2C2D4002CC40A /* Debug */ = {
			isa = XCBuildConfiguration;
			buildSettings = {
				ALWAYS_SEARCH_USER_PATHS = NO;
				CLANG_ANALYZER_NONNULL = YES;
				CLANG_ANALYZER_NUMBER_OBJECT_CONVERSION = YES_AGGRESSIVE;
				CLANG_CXX_LANGUAGE_STANDARD = "gnu++20";
				CLANG_ENABLE_MODULES = YES;
				CLANG_ENABLE_OBJC_ARC = YES;
				CLANG_ENABLE_OBJC_WEAK = YES;
				CLANG_WARN_BLOCK_CAPTURE_AUTORELEASING = YES;
				CLANG_WARN_BOOL_CONVERSION = YES;
				CLANG_WARN_COMMA = YES;
				CLANG_WARN_CONSTANT_CONVERSION = YES;
				CLANG_WARN_DEPRECATED_OBJC_IMPLEMENTATIONS = YES;
				CLANG_WARN_DIRECT_OBJC_ISA_USAGE = YES_ERROR;
				CLANG_WARN_DOCUMENTATION_COMMENTS = YES;
				CLANG_WARN_EMPTY_BODY = YES;
				CLANG_WARN_ENUM_CONVERSION = YES;
				CLANG_WARN_INFINITE_RECURSION = YES;
				CLANG_WARN_INT_CONVERSION = YES;
				CLANG_WARN_NON_LITERAL_NULL_CONVERSION = YES;
				CLANG_WARN_OBJC_IMPLICIT_RETAIN_SELF = YES;
				CLANG_WARN_OBJC_LITERAL_CONVERSION = YES;
				CLANG_WARN_OBJC_ROOT_CLASS = YES_ERROR;
				CLANG_WARN_QUOTED_INCLUDE_IN_FRAMEWORK_HEADER = YES;
				CLANG_WARN_RANGE_LOOP_ANALYSIS = YES;
				CLANG_WARN_STRICT_PROTOTYPES = YES;
				CLANG_WARN_SUSPICIOUS_MOVE = YES;
				CLANG_WARN_UNGUARDED_AVAILABILITY = YES_AGGRESSIVE;
				CLANG_WARN_UNREACHABLE_CODE = YES;
				CLANG_WARN__DUPLICATE_METHOD_MATCH = YES;
				COPY_PHASE_STRIP = NO;
				DEBUG_INFORMATION_FORMAT = dwarf;
				ENABLE_STRICT_OBJC_MSGSEND = YES;
				ENABLE_TESTABILITY = YES;
				GCC_C_LANGUAGE_STANDARD = gnu11;
				GCC_DYNAMIC_NO_PIC = NO;
				GCC_NO_COMMON_BLOCKS = YES;
				GCC_OPTIMIZATION_LEVEL = 0;
				GCC_PREPROCESSOR_DEFINITIONS = (
					"DEBUG=1",
					"$(inherited)",
				);
				GCC_WARN_64_TO_32_BIT_CONVERSION = YES;
				GCC_WARN_ABOUT_RETURN_TYPE = YES_ERROR;
				GCC_WARN_UNDECLARED_SELECTOR = YES;
				GCC_WARN_UNINITIALIZED_AUTOS = YES_AGGRESSIVE;
				GCC_WARN_UNUSED_FUNCTION = YES;
				GCC_WARN_UNUSED_VARIABLE = YES;
				IPHONEOS_DEPLOYMENT_TARGET = 16.4;
				MTL_ENABLE_DEBUG_INFO = INCLUDE_SOURCE;
				MTL_FAST_MATH = YES;
				ONLY_ACTIVE_ARCH = YES;
				SDKROOT = iphoneos;
				SWIFT_ACTIVE_COMPILATION_CONDITIONS = DEBUG;
				SWIFT_OPTIMIZATION_LEVEL = "-Onone";
			};
			name = Debug;
		};
		7E097FF32AC2C2D4002CC40A /* Release */ = {
			isa = XCBuildConfiguration;
			buildSettings = {
				ALWAYS_SEARCH_USER_PATHS = NO;
				CLANG_ANALYZER_NONNULL = YES;
				CLANG_ANALYZER_NUMBER_OBJECT_CONVERSION = YES_AGGRESSIVE;
				CLANG_CXX_LANGUAGE_STANDARD = "gnu++20";
				CLANG_ENABLE_MODULES = YES;
				CLANG_ENABLE_OBJC_ARC = YES;
				CLANG_ENABLE_OBJC_WEAK = YES;
				CLANG_WARN_BLOCK_CAPTURE_AUTORELEASING = YES;
				CLANG_WARN_BOOL_CONVERSION = YES;
				CLANG_WARN_COMMA = YES;
				CLANG_WARN_CONSTANT_CONVERSION = YES;
				CLANG_WARN_DEPRECATED_OBJC_IMPLEMENTATIONS = YES;
				CLANG_WARN_DIRECT_OBJC_ISA_USAGE = YES_ERROR;
				CLANG_WARN_DOCUMENTATION_COMMENTS = YES;
				CLANG_WARN_EMPTY_BODY = YES;
				CLANG_WARN_ENUM_CONVERSION = YES;
				CLANG_WARN_INFINITE_RECURSION = YES;
				CLANG_WARN_INT_CONVERSION = YES;
				CLANG_WARN_NON_LITERAL_NULL_CONVERSION = YES;
				CLANG_WARN_OBJC_IMPLICIT_RETAIN_SELF = YES;
				CLANG_WARN_OBJC_LITERAL_CONVERSION = YES;
				CLANG_WARN_OBJC_ROOT_CLASS = YES_ERROR;
				CLANG_WARN_QUOTED_INCLUDE_IN_FRAMEWORK_HEADER = YES;
				CLANG_WARN_RANGE_LOOP_ANALYSIS = YES;
				CLANG_WARN_STRICT_PROTOTYPES = YES;
				CLANG_WARN_SUSPICIOUS_MOVE = YES;
				CLANG_WARN_UNGUARDED_AVAILABILITY = YES_AGGRESSIVE;
				CLANG_WARN_UNREACHABLE_CODE = YES;
				CLANG_WARN__DUPLICATE_METHOD_MATCH = YES;
				COPY_PHASE_STRIP = NO;
				DEBUG_INFORMATION_FORMAT = "dwarf-with-dsym";
				ENABLE_NS_ASSERTIONS = NO;
				ENABLE_STRICT_OBJC_MSGSEND = YES;
				GCC_C_LANGUAGE_STANDARD = gnu11;
				GCC_NO_COMMON_BLOCKS = YES;
				GCC_WARN_64_TO_32_BIT_CONVERSION = YES;
				GCC_WARN_ABOUT_RETURN_TYPE = YES_ERROR;
				GCC_WARN_UNDECLARED_SELECTOR = YES;
				GCC_WARN_UNINITIALIZED_AUTOS = YES_AGGRESSIVE;
				GCC_WARN_UNUSED_FUNCTION = YES;
				GCC_WARN_UNUSED_VARIABLE = YES;
				IPHONEOS_DEPLOYMENT_TARGET = 16.4;
				MTL_ENABLE_DEBUG_INFO = NO;
				MTL_FAST_MATH = YES;
				SDKROOT = iphoneos;
				SWIFT_COMPILATION_MODE = wholemodule;
				SWIFT_OPTIMIZATION_LEVEL = "-O";
				VALIDATE_PRODUCT = YES;
			};
			name = Release;
		};
		7E097FF52AC2C2D4002CC40A /* Debug */ = {
			isa = XCBuildConfiguration;
			buildSettings = {
				ASSETCATALOG_COMPILER_APPICON_NAME = AppIcon;
				ASSETCATALOG_COMPILER_GLOBAL_ACCENT_COLOR_NAME = AccentColor;
				CODE_SIGN_STYLE = Automatic;
				CURRENT_PROJECT_VERSION = 1;
				DEVELOPMENT_TEAM = V7HYWRF575;
				GENERATE_INFOPLIST_FILE = YES;
				INFOPLIST_FILE = BookIn/SupportingFiles/Info.plist;
				INFOPLIST_KEY_UIApplicationSupportsIndirectInputEvents = YES;
				INFOPLIST_KEY_UILaunchStoryboardName = LaunchScreen;
				INFOPLIST_KEY_UISupportedInterfaceOrientations = UIInterfaceOrientationPortrait;
				INFOPLIST_KEY_UISupportedInterfaceOrientations_iPad = "UIInterfaceOrientationLandscapeLeft UIInterfaceOrientationLandscapeRight UIInterfaceOrientationPortrait UIInterfaceOrientationPortraitUpsideDown";
				IPHONEOS_DEPLOYMENT_TARGET = 15.0;
				LD_RUNPATH_SEARCH_PATHS = (
					"$(inherited)",
					"@executable_path/Frameworks",
				);
				MARKETING_VERSION = 1.0;
				PRODUCT_BUNDLE_IDENTIFIER = com.gmail.esplusnin.bookIn.BookIn;
				PRODUCT_NAME = "$(TARGET_NAME)";
				SUPPORTED_PLATFORMS = "iphoneos iphonesimulator";
				SUPPORTS_MACCATALYST = NO;
				SUPPORTS_MAC_DESIGNED_FOR_IPHONE_IPAD = NO;
				SWIFT_EMIT_LOC_STRINGS = YES;
				SWIFT_VERSION = 5.0;
				TARGETED_DEVICE_FAMILY = 1;
			};
			name = Debug;
		};
		7E097FF62AC2C2D4002CC40A /* Release */ = {
			isa = XCBuildConfiguration;
			buildSettings = {
				ASSETCATALOG_COMPILER_APPICON_NAME = AppIcon;
				ASSETCATALOG_COMPILER_GLOBAL_ACCENT_COLOR_NAME = AccentColor;
				CODE_SIGN_STYLE = Automatic;
				CURRENT_PROJECT_VERSION = 1;
				DEVELOPMENT_TEAM = V7HYWRF575;
				GENERATE_INFOPLIST_FILE = YES;
				INFOPLIST_FILE = BookIn/SupportingFiles/Info.plist;
				INFOPLIST_KEY_UIApplicationSupportsIndirectInputEvents = YES;
				INFOPLIST_KEY_UILaunchStoryboardName = LaunchScreen;
				INFOPLIST_KEY_UISupportedInterfaceOrientations = UIInterfaceOrientationPortrait;
				INFOPLIST_KEY_UISupportedInterfaceOrientations_iPad = "UIInterfaceOrientationLandscapeLeft UIInterfaceOrientationLandscapeRight UIInterfaceOrientationPortrait UIInterfaceOrientationPortraitUpsideDown";
				IPHONEOS_DEPLOYMENT_TARGET = 15.0;
				LD_RUNPATH_SEARCH_PATHS = (
					"$(inherited)",
					"@executable_path/Frameworks",
				);
				MARKETING_VERSION = 1.0;
				PRODUCT_BUNDLE_IDENTIFIER = com.gmail.esplusnin.bookIn.BookIn;
				PRODUCT_NAME = "$(TARGET_NAME)";
				SUPPORTED_PLATFORMS = "iphoneos iphonesimulator";
				SUPPORTS_MACCATALYST = NO;
				SUPPORTS_MAC_DESIGNED_FOR_IPHONE_IPAD = NO;
				SWIFT_EMIT_LOC_STRINGS = YES;
				SWIFT_VERSION = 5.0;
				TARGETED_DEVICE_FAMILY = 1;
			};
			name = Release;
		};
/* End XCBuildConfiguration section */

/* Begin XCConfigurationList section */
		7E097FDB2AC2C2D1002CC40A /* Build configuration list for PBXProject "BookIn" */ = {
			isa = XCConfigurationList;
			buildConfigurations = (
				7E097FF22AC2C2D4002CC40A /* Debug */,
				7E097FF32AC2C2D4002CC40A /* Release */,
			);
			defaultConfigurationIsVisible = 0;
			defaultConfigurationName = Release;
		};
		7E097FF42AC2C2D4002CC40A /* Build configuration list for PBXNativeTarget "BookIn" */ = {
			isa = XCConfigurationList;
			buildConfigurations = (
				7E097FF52AC2C2D4002CC40A /* Debug */,
				7E097FF62AC2C2D4002CC40A /* Release */,
			);
			defaultConfigurationIsVisible = 0;
			defaultConfigurationName = Release;
		};
/* End XCConfigurationList section */

/* Begin XCRemoteSwiftPackageReference section */
		7E0980172AC2DDD2002CC40A /* XCRemoteSwiftPackageReference "Kingfisher" */ = {
			isa = XCRemoteSwiftPackageReference;
			repositoryURL = "https://github.com/onevcat/Kingfisher.git";
			requirement = {
				kind = upToNextMajorVersion;
				minimumVersion = 7.0.0;
			};
		};
/* End XCRemoteSwiftPackageReference section */

/* Begin XCSwiftPackageProductDependency section */
		7E0980182AC2DDD2002CC40A /* Kingfisher */ = {
			isa = XCSwiftPackageProductDependency;
			package = 7E0980172AC2DDD2002CC40A /* XCRemoteSwiftPackageReference "Kingfisher" */;
			productName = Kingfisher;
		};
/* End XCSwiftPackageProductDependency section */
	};
	rootObject = 7E097FD82AC2C2D1002CC40A /* Project object */;
}
